{
	"name": "@iecho-cli-dev/utils",
	"version": "1.0.1",
	"lockfileVersion": 2,
	"requires": true,
	"packages": {
		"": {
			"name": "@iecho-cli-dev/utils",
			"version": "1.0.0",
			"license": "ISC",
			"dependencies": {
				"iecho-test": "^1.0.1"
			}
		},
		"node_modules/iecho-test": {
			"version": "1.0.1",
			"resolved": "https://registry.npmjs.org/iecho-test/-/iecho-test-1.0.1.tgz",
			"integrity": "sha512-eBJpquFWVd4Zw3A4A6RO4ID5llCWLhCEr6L6uQSjangDt49bH+VlzN6FT27fjXInO76twVUi37qJCM7uwV9EYg==",
			"bin": {
				"iecho-test": "bin/index.js"
			}
		}
	},
	"dependencies": {
		"iecho-test": {
			"version": "1.0.1",
			"resolved": "https://registry.npmjs.org/iecho-test/-/iecho-test-1.0.1.tgz",
			"integrity": "sha512-eBJpquFWVd4Zw3A4A6RO4ID5llCWLhCEr6L6uQSjangDt49bH+VlzN6FT27fjXInO76twVUi37qJCM7uwV9EYg=="
		}
	}
}
